
Microsoft Visual Studio Solution File, Format Version 12.00
# Visual Studio Version 16
VisualStudioVersion = 16.0.30309.148
MinimumVisualStudioVersion = 10.0.40219.1
Project("{8BC9CEB8-8B4A-11D0-8D11-00A0C91BC942}") = "Polaris", "Polaris\Polaris.vcxproj", "{883DB81B-A7A0-4EFE-A7BE-37BE89F2329D}"
EndProject
Global
	GlobalSection(SolutionConfigurationPlatforms) = preSolution
		Debug|x64 = Debug|x64
		Release|x64 = Release|x64
	EndGlobalSection
	GlobalSection(ProjectConfigurationPlatforms) = postSolution
		{883DB81B-A7A0-4EFE-A7BE-37BE89F2329D}.Debug|x64.ActiveCfg = Debug|x64
		{883DB81B-A7A0-4EFE-A7BE-37BE89F2329D}.Debug|x64.Build.0 = Debug|x64
		{883DB81B-A7A0-4EFE-A7BE-37BE89F2329D}.Release|x64.ActiveCfg = Release|x64
		{883DB81B-A7A0-4EFE-A7BE-37BE89F2329D}.Release|x64.Build.0 = Release|x64
	EndGlobalSection
	GlobalSection(SolutionProperties) = preSolution
		HideSolutionNode = FALSE
	EndGlobalSection
	GlobalSection(ExtensibilityGlobals) = postSolution
		SolutionGuid = {DA467A7E-B49E-4DDA-853A-30711A1E6D6D}
	EndGlobalSection
EndGlobal
